
Microsoft Visual Studio Solution File, Format Version 12.00
# Visual Studio Version 17
VisualStudioVersion = 17.5.33424.131
MinimumVisualStudioVersion = 10.0.40219.1
Project("{9A19103F-16F7-4668-BE54-9A1E7A4F7556}") = "BankingApp", "BankingApp\BankingApp.csproj", "{E59C574F-0359-4967-B87F-5C66758A8118}"
EndProject
Global
	GlobalSection(SolutionConfigurationPlatforms) = preSolution
		Debug|Any CPU = Debug|Any CPU
		Release|Any CPU = Release|Any CPU
	EndGlobalSection
	GlobalSection(ProjectConfigurationPlatforms) = postSolution
		{E59C574F-0359-4967-B87F-5C66758A8118}.Debug|Any CPU.ActiveCfg = Debug|Any CPU
		{E59C574F-0359-4967-B87F-5C66758A8118}.Debug|Any CPU.Build.0 = Debug|Any CPU
		{E59C574F-0359-4967-B87F-5C66758A8118}.Release|Any CPU.ActiveCfg = Release|Any CPU
		{E59C574F-0359-4967-B87F-5C66758A8118}.Release|Any CPU.Build.0 = Release|Any CPU
	EndGlobalSection
	GlobalSection(SolutionProperties) = preSolution
		HideSolutionNode = FALSE
	EndGlobalSection
	GlobalSection(ExtensibilityGlobals) = postSolution
		SolutionGuid = {1A2EE1B2-115A-4B5F-97E1-459B097391EB}
	EndGlobalSection
EndGlobal
