
Microsoft Visual Studio Solution File, Format Version 12.00
# Visual Studio Version 17
VisualStudioVersion = 17.5.33424.131
MinimumVisualStudioVersion = 10.0.40219.1
Project("{9A19103F-16F7-4668-BE54-9A1E7A4F7556}") = "BankingApp", "BankingApp\BankingApp.csproj", "{E59C574F-0359-4967-B87F-5C66758A8118}"
EndProject
Project("{2150E333-8FDC-42A3-9474-1A3956D46DE8}") = "AppLogic", "AppLogic", "{24F06377-C2C9-4336-924F-B46888CA3FF7}"
EndProject
Project("{2150E333-8FDC-42A3-9474-1A3956D46DE8}") = "DataAccess", "DataAccess", "{D28395B4-B497-4622-AC8A-359C031D928F}"
EndProject
Project("{FAE04EC0-301F-11D3-BF4B-00C04F79EFBC}") = "Model", "Model\Model.csproj", "{E27BEE41-0110-4C0A-AAFE-B7CB6883AC8B}"
EndProject
Project("{FAE04EC0-301F-11D3-BF4B-00C04F79EFBC}") = "EF", "EF\EF.csproj", "{A6DA62B7-7BF8-46F6-B61B-DF86D82B5FC6}"
EndProject
Project("{FAE04EC0-301F-11D3-BF4B-00C04F79EFBC}") = "Abstractisations", "Abstractisations\Abstractisations.csproj", "{E32CF7B1-F563-46CC-BC6D-275720C29125}"
EndProject
Project("{FAE04EC0-301F-11D3-BF4B-00C04F79EFBC}") = "Logic", "Logic\Logic.csproj", "{A0CB1A2C-BD90-4E71-B839-0915309E62F7}"
EndProject
Project("{2150E333-8FDC-42A3-9474-1A3956D46DE8}") = "Presentation", "Presentation", "{C9DD67CD-222D-4D33-BA2D-2B01A24B05A7}"
EndProject
Global
	GlobalSection(SolutionConfigurationPlatforms) = preSolution
		Debug|Any CPU = Debug|Any CPU
		Release|Any CPU = Release|Any CPU
	EndGlobalSection
	GlobalSection(ProjectConfigurationPlatforms) = postSolution
		{E59C574F-0359-4967-B87F-5C66758A8118}.Debug|Any CPU.ActiveCfg = Debug|Any CPU
		{E59C574F-0359-4967-B87F-5C66758A8118}.Debug|Any CPU.Build.0 = Debug|Any CPU
		{E59C574F-0359-4967-B87F-5C66758A8118}.Release|Any CPU.ActiveCfg = Release|Any CPU
		{E59C574F-0359-4967-B87F-5C66758A8118}.Release|Any CPU.Build.0 = Release|Any CPU
		{E27BEE41-0110-4C0A-AAFE-B7CB6883AC8B}.Debug|Any CPU.ActiveCfg = Debug|Any CPU
		{E27BEE41-0110-4C0A-AAFE-B7CB6883AC8B}.Debug|Any CPU.Build.0 = Debug|Any CPU
		{E27BEE41-0110-4C0A-AAFE-B7CB6883AC8B}.Release|Any CPU.ActiveCfg = Release|Any CPU
		{E27BEE41-0110-4C0A-AAFE-B7CB6883AC8B}.Release|Any CPU.Build.0 = Release|Any CPU
		{A6DA62B7-7BF8-46F6-B61B-DF86D82B5FC6}.Debug|Any CPU.ActiveCfg = Debug|Any CPU
		{A6DA62B7-7BF8-46F6-B61B-DF86D82B5FC6}.Debug|Any CPU.Build.0 = Debug|Any CPU
		{A6DA62B7-7BF8-46F6-B61B-DF86D82B5FC6}.Release|Any CPU.ActiveCfg = Release|Any CPU
		{A6DA62B7-7BF8-46F6-B61B-DF86D82B5FC6}.Release|Any CPU.Build.0 = Release|Any CPU
		{E32CF7B1-F563-46CC-BC6D-275720C29125}.Debug|Any CPU.ActiveCfg = Debug|Any CPU
		{E32CF7B1-F563-46CC-BC6D-275720C29125}.Debug|Any CPU.Build.0 = Debug|Any CPU
		{E32CF7B1-F563-46CC-BC6D-275720C29125}.Release|Any CPU.ActiveCfg = Release|Any CPU
		{E32CF7B1-F563-46CC-BC6D-275720C29125}.Release|Any CPU.Build.0 = Release|Any CPU
		{A0CB1A2C-BD90-4E71-B839-0915309E62F7}.Debug|Any CPU.ActiveCfg = Debug|Any CPU
		{A0CB1A2C-BD90-4E71-B839-0915309E62F7}.Debug|Any CPU.Build.0 = Debug|Any CPU
		{A0CB1A2C-BD90-4E71-B839-0915309E62F7}.Release|Any CPU.ActiveCfg = Release|Any CPU
		{A0CB1A2C-BD90-4E71-B839-0915309E62F7}.Release|Any CPU.Build.0 = Release|Any CPU
	EndGlobalSection
	GlobalSection(SolutionProperties) = preSolution
		HideSolutionNode = FALSE
	EndGlobalSection
	GlobalSection(NestedProjects) = preSolution
		{E59C574F-0359-4967-B87F-5C66758A8118} = {C9DD67CD-222D-4D33-BA2D-2B01A24B05A7}
		{E27BEE41-0110-4C0A-AAFE-B7CB6883AC8B} = {D28395B4-B497-4622-AC8A-359C031D928F}
		{A6DA62B7-7BF8-46F6-B61B-DF86D82B5FC6} = {D28395B4-B497-4622-AC8A-359C031D928F}
		{E32CF7B1-F563-46CC-BC6D-275720C29125} = {D28395B4-B497-4622-AC8A-359C031D928F}
		{A0CB1A2C-BD90-4E71-B839-0915309E62F7} = {24F06377-C2C9-4336-924F-B46888CA3FF7}
	EndGlobalSection
	GlobalSection(ExtensibilityGlobals) = postSolution
		SolutionGuid = {1A2EE1B2-115A-4B5F-97E1-459B097391EB}
	EndGlobalSection
EndGlobal
